// !$*UTF8*$!
{
	archiveVersion = 1;
	classes = {
	};
	objectVersion = 46;
	objects = {

/* Begin PBXBuildFile section */
		F31236F0190365E800FB5981 /* OpenGL.framework in Frameworks */ = {isa = PBXBuildFile; fileRef = F31236EF190365E800FB5981 /* OpenGL.framework */; };
		F31236F7190460A800FB5981 /* libglfw3.a in Frameworks */ = {isa = PBXBuildFile; fileRef = F31236F21904538500FB5981 /* libglfw3.a */; };
		F31236FB1904638600FB5981 /* libGLEW.a in Frameworks */ = {isa = PBXBuildFile; fileRef = F31236FA1904638600FB5981 /* libGLEW.a */; };
		F31236FD19046A1A00FB5981 /* Cocoa.framework in Frameworks */ = {isa = PBXBuildFile; fileRef = F31236FC19046A1A00FB5981 /* Cocoa.framework */; };
		F31236FF19046A2700FB5981 /* IOKit.framework in Frameworks */ = {isa = PBXBuildFile; fileRef = F31236FE19046A2700FB5981 /* IOKit.framework */; };
		F312370219047CBA00FB5981 /* CoreVideo.framework in Frameworks */ = {isa = PBXBuildFile; fileRef = F31237001904787B00FB5981 /* CoreVideo.framework */; };
		F312370319048E0200FB5981 /* fragment.frag in Copy Files */ = {isa = PBXBuildFile; fileRef = F39280B51903537100313ACB /* fragment.frag */; };
		F312370419048E0200FB5981 /* vertex.vert in Copy Files */ = {isa = PBXBuildFile; fileRef = F39280B61903537100313ACB /* vertex.vert */; };
		F39280BB1903537100313ACB /* primitive.c in Sources */ = {isa = PBXBuildFile; fileRef = F39280B01903537100313ACB /* primitive.c */; };
		F39280BC1903537100313ACB /* shader.c in Sources */ = {isa = PBXBuildFile; fileRef = F39280B21903537100313ACB /* shader.c */; };
		F39280BD1903537100313ACB /* uniforms.c in Sources */ = {isa = PBXBuildFile; fileRef = F39280BA1903537100313ACB /* uniforms.c */; };
/* End PBXBuildFile section */

/* Begin PBXCopyFilesBuildPhase section */
		F39280A1190350A800313ACB /* Copy Files */ = {
			isa = PBXCopyFilesBuildPhase;
			buildActionMask = 12;
			dstPath = "";
			dstSubfolderSpec = 16;
			files = (
				F312370319048E0200FB5981 /* fragment.frag in Copy Files */,
				F312370419048E0200FB5981 /* vertex.vert in Copy Files */,
			);
			name = "Copy Files";
			runOnlyForDeploymentPostprocessing = 0;
		};
/* End PBXCopyFilesBuildPhase section */

/* Begin PBXFileReference section */
		F31236EF190365E800FB5981 /* OpenGL.framework */ = {isa = PBXFileReference; lastKnownFileType = wrapper.framework; name = OpenGL.framework; path = System/Library/Frameworks/OpenGL.framework; sourceTree = SDKROOT; };
		F31236F21904538500FB5981 /* libglfw3.a */ = {isa = PBXFileReference; lastKnownFileType = archive.ar; name = libglfw3.a; path = ../../../../../../usr/local/lib/libglfw3.a; sourceTree = "<group>"; };
		F31236F81904637400FB5981 /* libGLEW.1.10.0.dylib */ = {isa = PBXFileReference; lastKnownFileType = "compiled.mach-o.dylib"; name = libGLEW.1.10.0.dylib; path = ../../../../../../usr/local/lib/libGLEW.1.10.0.dylib; sourceTree = "<group>"; };
		F31236FA1904638600FB5981 /* libGLEW.a */ = {isa = PBXFileReference; lastKnownFileType = archive.ar; name = libGLEW.a; path = ../../../../../../usr/local/lib/libGLEW.a; sourceTree = "<group>"; };
		F31236FC19046A1A00FB5981 /* Cocoa.framework */ = {isa = PBXFileReference; lastKnownFileType = wrapper.framework; name = Cocoa.framework; path = System/Library/Frameworks/Cocoa.framework; sourceTree = SDKROOT; };
		F31236FE19046A2700FB5981 /* IOKit.framework */ = {isa = PBXFileReference; lastKnownFileType = wrapper.framework; name = IOKit.framework; path = System/Library/Frameworks/IOKit.framework; sourceTree = SDKROOT; };
		F31237001904787B00FB5981 /* CoreVideo.framework */ = {isa = PBXFileReference; lastKnownFileType = wrapper.framework; name = CoreVideo.framework; path = System/Library/Frameworks/CoreVideo.framework; sourceTree = SDKROOT; };
		F39280A3190350A800313ACB /* exemplo */ = {isa = PBXFileReference; explicitFileType = "compiled.mach-o.executable"; includeInIndex = 0; path = exemplo; sourceTree = BUILT_PRODUCTS_DIR; };
		F39280AF1903537100313ACB /* linmath.h */ = {isa = PBXFileReference; fileEncoding = 4; lastKnownFileType = sourcecode.c.h; path = linmath.h; sourceTree = "<group>"; };
		F39280B01903537100313ACB /* primitive.c */ = {isa = PBXFileReference; fileEncoding = 4; lastKnownFileType = sourcecode.c.c; path = primitive.c; sourceTree = "<group>"; };
		F39280B11903537100313ACB /* primitive.h */ = {isa = PBXFileReference; fileEncoding = 4; lastKnownFileType = sourcecode.c.h; path = primitive.h; sourceTree = "<group>"; };
		F39280B21903537100313ACB /* shader.c */ = {isa = PBXFileReference; fileEncoding = 4; lastKnownFileType = sourcecode.c.c; path = shader.c; sourceTree = "<group>"; };
		F39280B31903537100313ACB /* shader.h */ = {isa = PBXFileReference; fileEncoding = 4; lastKnownFileType = sourcecode.c.h; path = shader.h; sourceTree = "<group>"; };
		F39280B51903537100313ACB /* fragment.frag */ = {isa = PBXFileReference; fileEncoding = 4; lastKnownFileType = sourcecode.glsl; path = fragment.frag; sourceTree = "<group>"; };
		F39280B61903537100313ACB /* vertex.vert */ = {isa = PBXFileReference; fileEncoding = 4; lastKnownFileType = sourcecode.glsl; path = vertex.vert; sourceTree = "<group>"; };
		F39280B81903537100313ACB /* fragment.frag */ = {isa = PBXFileReference; fileEncoding = 4; lastKnownFileType = sourcecode.glsl; path = fragment.frag; sourceTree = "<group>"; };
		F39280B91903537100313ACB /* vertex.vert */ = {isa = PBXFileReference; fileEncoding = 4; lastKnownFileType = sourcecode.glsl; path = vertex.vert; sourceTree = "<group>"; };
		F39280BA1903537100313ACB /* uniforms.c */ = {isa = PBXFileReference; fileEncoding = 4; lastKnownFileType = sourcecode.c.c; path = uniforms.c; sourceTree = "<group>"; };
/* End PBXFileReference section */

/* Begin PBXFrameworksBuildPhase section */
		F39280A0190350A800313ACB /* Frameworks */ = {
			isa = PBXFrameworksBuildPhase;
			buildActionMask = 2147483647;
			files = (
				F312370219047CBA00FB5981 /* CoreVideo.framework in Frameworks */,
				F31236FF19046A2700FB5981 /* IOKit.framework in Frameworks */,
				F31236FD19046A1A00FB5981 /* Cocoa.framework in Frameworks */,
				F31236FB1904638600FB5981 /* libGLEW.a in Frameworks */,
				F31236F7190460A800FB5981 /* libglfw3.a in Frameworks */,
				F31236F0190365E800FB5981 /* OpenGL.framework in Frameworks */,
			);
			runOnlyForDeploymentPostprocessing = 0;
		};
/* End PBXFrameworksBuildPhase section */

/* Begin PBXGroup section */
		F392809A190350A800313ACB = {
			isa = PBXGroup;
			children = (
				F31237001904787B00FB5981 /* CoreVideo.framework */,
				F31236FE19046A2700FB5981 /* IOKit.framework */,
				F31236FC19046A1A00FB5981 /* Cocoa.framework */,
				F31236FA1904638600FB5981 /* libGLEW.a */,
				F31236F81904637400FB5981 /* libGLEW.1.10.0.dylib */,
				F31236F21904538500FB5981 /* libglfw3.a */,
				F31236EF190365E800FB5981 /* OpenGL.framework */,
				F39280A5190350A800313ACB /* exemplo */,
				F39280A4190350A800313ACB /* Products */,
			);
			sourceTree = "<group>";
		};
		F39280A4190350A800313ACB /* Products */ = {
			isa = PBXGroup;
			children = (
				F39280A3190350A800313ACB /* exemplo */,
			);
			name = Products;
			sourceTree = "<group>";
		};
		F39280A5190350A800313ACB /* exemplo */ = {
			isa = PBXGroup;
			children = (
				F39280AF1903537100313ACB /* linmath.h */,
				F39280B01903537100313ACB /* primitive.c */,
				F39280B11903537100313ACB /* primitive.h */,
				F39280B21903537100313ACB /* shader.c */,
				F39280B31903537100313ACB /* shader.h */,
				F39280B41903537100313ACB /* shader2.1 */,
				F39280B71903537100313ACB /* shader3.3 */,
				F39280BA1903537100313ACB /* uniforms.c */,
			);
			path = exemplo;
			sourceTree = "<group>";
		};
		F39280B41903537100313ACB /* shader2.1 */ = {
			isa = PBXGroup;
			children = (
				F39280B51903537100313ACB /* fragment.frag */,
				F39280B61903537100313ACB /* vertex.vert */,
			);
			path = shader2.1;
			sourceTree = "<group>";
		};
		F39280B71903537100313ACB /* shader3.3 */ = {
			isa = PBXGroup;
			children = (
				F39280B81903537100313ACB /* fragment.frag */,
				F39280B91903537100313ACB /* vertex.vert */,
			);
			path = shader3.3;
			sourceTree = "<group>";
		};
/* End PBXGroup section */

/* Begin PBXNativeTarget section */
		F39280A2190350A800313ACB /* exemplo */ = {
			isa = PBXNativeTarget;
			buildConfigurationList = F39280AC190350A800313ACB /* Build configuration list for PBXNativeTarget "exemplo" */;
			buildPhases = (
				F392809F190350A800313ACB /* Sources */,
				F39280A0190350A800313ACB /* Frameworks */,
				F39280A1190350A800313ACB /* Copy Files */,
			);
			buildRules = (
			);
			dependencies = (
			);
			name = exemplo;
			productName = exemplo;
			productReference = F39280A3190350A800313ACB /* exemplo */;
			productType = "com.apple.product-type.tool";
		};
/* End PBXNativeTarget section */

/* Begin PBXProject section */
		F392809B190350A800313ACB /* Project object */ = {
			isa = PBXProject;
			attributes = {
				LastUpgradeCheck = 0510;
				ORGANIZATIONNAME = "Herick Oliveira";
			};
			buildConfigurationList = F392809E190350A800313ACB /* Build configuration list for PBXProject "exemplo" */;
			compatibilityVersion = "Xcode 3.2";
			developmentRegion = English;
			hasScannedForEncodings = 0;
			knownRegions = (
				en,
			);
			mainGroup = F392809A190350A800313ACB;
			productRefGroup = F39280A4190350A800313ACB /* Products */;
			projectDirPath = "";
			projectRoot = "";
			targets = (
				F39280A2190350A800313ACB /* exemplo */,
			);
		};
/* End PBXProject section */

/* Begin PBXSourcesBuildPhase section */
		F392809F190350A800313ACB /* Sources */ = {
			isa = PBXSourcesBuildPhase;
			buildActionMask = 2147483647;
			files = (
				F39280BC1903537100313ACB /* shader.c in Sources */,
				F39280BD1903537100313ACB /* uniforms.c in Sources */,
				F39280BB1903537100313ACB /* primitive.c in Sources */,
			);
			runOnlyForDeploymentPostprocessing = 0;
		};
/* End PBXSourcesBuildPhase section */

/* Begin XCBuildConfiguration section */
		F39280AA190350A800313ACB /* Debug */ = {
			isa = XCBuildConfiguration;
			buildSettings = {
				ALWAYS_SEARCH_USER_PATHS = NO;
				CLANG_CXX_LANGUAGE_STANDARD = "gnu++0x";
				CLANG_CXX_LIBRARY = "libc++";
				CLANG_ENABLE_MODULES = YES;
				CLANG_ENABLE_OBJC_ARC = YES;
				CLANG_WARN_BOOL_CONVERSION = YES;
				CLANG_WARN_CONSTANT_CONVERSION = YES;
				CLANG_WARN_DIRECT_OBJC_ISA_USAGE = YES_ERROR;
				CLANG_WARN_EMPTY_BODY = YES;
				CLANG_WARN_ENUM_CONVERSION = YES;
				CLANG_WARN_INT_CONVERSION = YES;
				CLANG_WARN_OBJC_ROOT_CLASS = YES_ERROR;
				CLANG_WARN__DUPLICATE_METHOD_MATCH = YES;
				COPY_PHASE_STRIP = NO;
				GCC_C_LANGUAGE_STANDARD = gnu99;
				GCC_DYNAMIC_NO_PIC = NO;
				GCC_ENABLE_OBJC_EXCEPTIONS = YES;
				GCC_OPTIMIZATION_LEVEL = 0;
				GCC_PREPROCESSOR_DEFINITIONS = (
					"DEBUG=1",
					"$(inherited)",
				);
				GCC_SYMBOLS_PRIVATE_EXTERN = NO;
				GCC_WARN_64_TO_32_BIT_CONVERSION = YES;
				GCC_WARN_ABOUT_RETURN_TYPE = YES_ERROR;
				GCC_WARN_UNDECLARED_SELECTOR = YES;
				GCC_WARN_UNINITIALIZED_AUTOS = YES_AGGRESSIVE;
				GCC_WARN_UNUSED_FUNCTION = YES;
				GCC_WARN_UNUSED_VARIABLE = YES;
				HEADER_SEARCH_PATHS = (
					"$(inherited)",
					/Applications/Xcode.app/Contents/Developer/Toolchains/XcodeDefault.xctoolchain/usr/include,
					"/usr/local/include/**",
				);
				LIBRARY_SEARCH_PATHS = "/usr/local/lib/**";
				MACOSX_DEPLOYMENT_TARGET = 10.9;
				ONLY_ACTIVE_ARCH = YES;
				SDKROOT = macosx;
			};
			name = Debug;
		};
		F39280AB190350A800313ACB /* Release */ = {
			isa = XCBuildConfiguration;
			buildSettings = {
				ALWAYS_SEARCH_USER_PATHS = NO;
				CLANG_CXX_LANGUAGE_STANDARD = "gnu++0x";
				CLANG_CXX_LIBRARY = "libc++";
				CLANG_ENABLE_MODULES = YES;
				CLANG_ENABLE_OBJC_ARC = YES;
				CLANG_WARN_BOOL_CONVERSION = YES;
				CLANG_WARN_CONSTANT_CONVERSION = YES;
				CLANG_WARN_DIRECT_OBJC_ISA_USAGE = YES_ERROR;
				CLANG_WARN_EMPTY_BODY = YES;
				CLANG_WARN_ENUM_CONVERSION = YES;
				CLANG_WARN_INT_CONVERSION = YES;
				CLANG_WARN_OBJC_ROOT_CLASS = YES_ERROR;
				CLANG_WARN__DUPLICATE_METHOD_MATCH = YES;
				COPY_PHASE_STRIP = YES;
				DEBUG_INFORMATION_FORMAT = "dwarf-with-dsym";
				ENABLE_NS_ASSERTIONS = NO;
				GCC_C_LANGUAGE_STANDARD = gnu99;
				GCC_ENABLE_OBJC_EXCEPTIONS = YES;
				GCC_WARN_64_TO_32_BIT_CONVERSION = YES;
				GCC_WARN_ABOUT_RETURN_TYPE = YES_ERROR;
				GCC_WARN_UNDECLARED_SELECTOR = YES;
				GCC_WARN_UNINITIALIZED_AUTOS = YES_AGGRESSIVE;
				GCC_WARN_UNUSED_FUNCTION = YES;
				GCC_WARN_UNUSED_VARIABLE = YES;
				HEADER_SEARCH_PATHS = (
					"$(inherited)",
					/Applications/Xcode.app/Contents/Developer/Toolchains/XcodeDefault.xctoolchain/usr/include,
					"/usr/local/include/**",
				);
				LIBRARY_SEARCH_PATHS = "/usr/local/lib/**";
				MACOSX_DEPLOYMENT_TARGET = 10.9;
				SDKROOT = macosx;
			};
			name = Release;
		};
		F39280AD190350A800313ACB /* Debug */ = {
			isa = XCBuildConfiguration;
			buildSettings = {
				CLANG_ENABLE_MODULES = NO;
				CLANG_MODULES_AUTOLINK = YES;
				HEADER_SEARCH_PATHS = (
					"$(inherited)",
					/Applications/Xcode.app/Contents/Developer/Toolchains/XcodeDefault.xctoolchain/usr/include,
					"/usr/local/include/**",
				);
				LIBRARY_SEARCH_PATHS = /usr/local/lib;
				PRODUCT_NAME = "$(TARGET_NAME)";
			};
			name = Debug;
		};
		F39280AE190350A800313ACB /* Release */ = {
			isa = XCBuildConfiguration;
			buildSettings = {
				CLANG_ENABLE_MODULES = NO;
				CLANG_MODULES_AUTOLINK = YES;
				HEADER_SEARCH_PATHS = (
					"$(inherited)",
					/Applications/Xcode.app/Contents/Developer/Toolchains/XcodeDefault.xctoolchain/usr/include,
					"/usr/local/include/**",
				);
				LIBRARY_SEARCH_PATHS = /usr/local/lib;
				PRODUCT_NAME = "$(TARGET_NAME)";
			};
			name = Release;
		};
/* End XCBuildConfiguration section */

/* Begin XCConfigurationList section */
		F392809E190350A800313ACB /* Build configuration list for PBXProject "exemplo" */ = {
			isa = XCConfigurationList;
			buildConfigurations = (
				F39280AA190350A800313ACB /* Debug */,
				F39280AB190350A800313ACB /* Release */,
			);
			defaultConfigurationIsVisible = 0;
			defaultConfigurationName = Release;
		};
		F39280AC190350A800313ACB /* Build configuration list for PBXNativeTarget "exemplo" */ = {
			isa = XCConfigurationList;
			buildConfigurations = (
				F39280AD190350A800313ACB /* Debug */,
				F39280AE190350A800313ACB /* Release */,
			);
			defaultConfigurationIsVisible = 0;
			defaultConfigurationName = Release;
		};
/* End XCConfigurationList section */
	};
	rootObject = F392809B190350A800313ACB /* Project object */;
}
